
Microsoft Visual Studio Solution File, Format Version 12.00
# Visual Studio Version 16
VisualStudioVersion = 16.0.30225.117
MinimumVisualStudioVersion = 10.0.40219.1
Project("{FAE04EC0-301F-11D3-BF4B-00C04F79EFBC}") = "ModInjector", "ModInjector\ModInjector.csproj", "{9B883B5C-60D4-4173-B8D5-F3FA71364A4C}"
EndProject
Project("{2150E333-8FDC-42A3-9474-1A3956D46DE8}") = "Solution Items", "Solution Items", "{88E226AD-2B5B-46AF-8688-51A70AB9C4B4}"
	ProjectSection(SolutionItems) = preProject
		.editorconfig = .editorconfig
	EndProjectSection
EndProject
Global
	GlobalSection(SolutionConfigurationPlatforms) = preSolution
		Debug|Any CPU = Debug|Any CPU
		Release|Any CPU = Release|Any CPU
	EndGlobalSection
	GlobalSection(ProjectConfigurationPlatforms) = postSolution
		{9B883B5C-60D4-4173-B8D5-F3FA71364A4C}.Debug|Any CPU.ActiveCfg = Debug|Any CPU
		{9B883B5C-60D4-4173-B8D5-F3FA71364A4C}.Debug|Any CPU.Build.0 = Debug|Any CPU
		{9B883B5C-60D4-4173-B8D5-F3FA71364A4C}.Release|Any CPU.ActiveCfg = Release|Any CPU
		{9B883B5C-60D4-4173-B8D5-F3FA71364A4C}.Release|Any CPU.Build.0 = Release|Any CPU
	EndGlobalSection
	GlobalSection(SolutionProperties) = preSolution
		HideSolutionNode = FALSE
	EndGlobalSection
	GlobalSection(ExtensibilityGlobals) = postSolution
		SolutionGuid = {9674E819-EC16-43F0-A67A-5C8E5CB55EE4}
	EndGlobalSection
EndGlobal
